{
  "name": "interface",
  "version": "1.0.0",
  "lockfileVersion": 1,
  "requires": true,
  "dependencies": {
    "nipplejs": {
      "version": "0.8.5",
      "resolved": "https://registry.npmjs.org/nipplejs/-/nipplejs-0.8.5.tgz",
      "integrity": "sha512-2G7warzUh4jIdmzSIDRCeXJUl/QrZyJ0QwFgI0V1lM34HLNsIqEX6uY0NY4V3wBDHNsub3me1cbFb/FJpWE/5g=="
    },
    "requirejs": {
      "version": "2.3.6",
      "resolved": "https://registry.npmjs.org/requirejs/-/requirejs-2.3.6.tgz",
      "integrity": "sha512-ipEzlWQe6RK3jkzikgCupiTbTvm4S0/CAU5GlgptkN5SO6F3u0UD0K18wy6ErDqiCyP4J4YYe1HuAShvsxePLg=="
    }
  }
}
